Microsoft Visual Studio Solution File, Format Version 12.00
# Visual Studio Version 17
VisualStudioVersion = 17.5.2.0
MinimumVisualStudioVersion = 10.0.40219.1
Project("{FAE04EC0-301F-11D3-BF4B-00C04F79EFBC}") = "NutritionRecettes", "NutritionRecettes.csproj", "{1296E365-82C7-C64B-2222-2ABEBBF196EB}"
EndProject
Global
	GlobalSection(SolutionConfigurationPlatforms) = preSolution
		Debug|Any CPU = Debug|Any CPU
		Release|Any CPU = Release|Any CPU
	EndGlobalSection
	GlobalSection(ProjectConfigurationPlatforms) = postSolution
		{1296E365-82C7-C64B-2222-2ABEBBF196EB}.Debug|Any CPU.ActiveCfg = Debug|Any CPU
		{1296E365-82C7-C64B-2222-2ABEBBF196EB}.Debug|Any CPU.Build.0 = Debug|Any CPU
		{1296E365-82C7-C64B-2222-2ABEBBF196EB}.Release|Any CPU.ActiveCfg = Release|Any CPU
		{1296E365-82C7-C64B-2222-2ABEBBF196EB}.Release|Any CPU.Build.0 = Release|Any CPU
	EndGlobalSection
	GlobalSection(SolutionProperties) = preSolution
		HideSolutionNode = FALSE
	EndGlobalSection
	GlobalSection(ExtensibilityGlobals) = postSolution
		SolutionGuid = {594C1619-A8E2-4B78-A50D-FF85C874999A}
	EndGlobalSection
EndGlobal
